
Microsoft Visual Studio Solution File, Format Version 12.00
Project("{FAE04EC0-301F-11D3-BF4B-00C04F79EFBC}") = "DogLive.TelegramBot.Core", "DogLifeBot.Core\DogLive.TelegramBot.Core.csproj", "{7E318251-5B1D-4EB1-92CF-D6BD640A7AE9}"
EndProject
Project("{FAE04EC0-301F-11D3-BF4B-00C04F79EFBC}") = "DogLive.TelegramBot.BL", "DogLive.TelegramBot.BL\DogLive.TelegramBot.BL.csproj", "{FFD90078-97DB-4009-94D6-E775E500FC26}"
EndProject
Project("{FAE04EC0-301F-11D3-BF4B-00C04F79EFBC}") = "DogLive.TelegramBot.Data", "DogLive.TelegramBot.Data\DogLive.TelegramBot.Data.csproj", "{60701AD8-AB27-41FC-8831-9C5B21D654DB}"
EndProject
Global
	GlobalSection(SolutionConfigurationPlatforms) = preSolution
		Debug|Any CPU = Debug|Any CPU
		Release|Any CPU = Release|Any CPU
	EndGlobalSection
	GlobalSection(ProjectConfigurationPlatforms) = postSolution
		{7E318251-5B1D-4EB1-92CF-D6BD640A7AE9}.Debug|Any CPU.ActiveCfg = Debug|Any CPU
		{7E318251-5B1D-4EB1-92CF-D6BD640A7AE9}.Debug|Any CPU.Build.0 = Debug|Any CPU
		{7E318251-5B1D-4EB1-92CF-D6BD640A7AE9}.Release|Any CPU.ActiveCfg = Release|Any CPU
		{7E318251-5B1D-4EB1-92CF-D6BD640A7AE9}.Release|Any CPU.Build.0 = Release|Any CPU
		{FFD90078-97DB-4009-94D6-E775E500FC26}.Debug|Any CPU.ActiveCfg = Debug|Any CPU
		{FFD90078-97DB-4009-94D6-E775E500FC26}.Debug|Any CPU.Build.0 = Debug|Any CPU
		{FFD90078-97DB-4009-94D6-E775E500FC26}.Release|Any CPU.ActiveCfg = Release|Any CPU
		{FFD90078-97DB-4009-94D6-E775E500FC26}.Release|Any CPU.Build.0 = Release|Any CPU
		{60701AD8-AB27-41FC-8831-9C5B21D654DB}.Debug|Any CPU.ActiveCfg = Debug|Any CPU
		{60701AD8-AB27-41FC-8831-9C5B21D654DB}.Debug|Any CPU.Build.0 = Debug|Any CPU
		{60701AD8-AB27-41FC-8831-9C5B21D654DB}.Release|Any CPU.ActiveCfg = Release|Any CPU
		{60701AD8-AB27-41FC-8831-9C5B21D654DB}.Release|Any CPU.Build.0 = Release|Any CPU
	EndGlobalSection
EndGlobal
